# This file is automatically @generated by Cargo.
# It is not intended for manual editing.
version = 3

[[package]]
name = "azul"
version = "1.0.0-alpha1"
source = "git+https://github.com/maps4print/azul?rev=b698ebed2dbc3094aede393b838556b7fe0d2cdb#b698ebed2dbc3094aede393b838556b7fe0d2cdb"

[[package]]
name = "example_azul"
version = "0.1.0"
dependencies = [
 "azul",
]
